
Microsoft Visual Studio Solution File, Format Version 12.00
# Visual Studio Version 17
VisualStudioVersion = 17.10.35027.167
MinimumVisualStudioVersion = 10.0.40219.1
Project("{FAE04EC0-301F-11D3-BF4B-00C04F79EFBC}") = "StorecfgGenerator", "StorecfgGenerator.csproj", "{D12C5C71-5937-40E0-83BF-824AAB1C30F3}"
EndProject
Global
	GlobalSection(SolutionConfigurationPlatforms) = preSolution
		Debug|Any CPU = Debug|Any CPU
		Release|Any CPU = Release|Any CPU
	EndGlobalSection
	GlobalSection(ProjectConfigurationPlatforms) = postSolution
		{D12C5C71-5937-40E0-83BF-824AAB1C30F3}.Debug|Any CPU.ActiveCfg = Debug|Any CPU
		{D12C5C71-5937-40E0-83BF-824AAB1C30F3}.Debug|Any CPU.Build.0 = Debug|Any CPU
		{D12C5C71-5937-40E0-83BF-824AAB1C30F3}.Release|Any CPU.ActiveCfg = Release|Any CPU
		{D12C5C71-5937-40E0-83BF-824AAB1C30F3}.Release|Any CPU.Build.0 = Release|Any CPU
	EndGlobalSection
	GlobalSection(SolutionProperties) = preSolution
		HideSolutionNode = FALSE
	EndGlobalSection
	GlobalSection(ExtensibilityGlobals) = postSolution
		SolutionGuid = {A69AD673-8EF4-49B8-BABE-3A3132F5B1A5}
	EndGlobalSection
EndGlobal
